
Microsoft Visual Studio Solution File, Format Version 12.00
# Visual Studio Version 16
VisualStudioVersion = 16.0.29424.173
MinimumVisualStudioVersion = 10.0.40219.1
Project("{FAE04EC0-301F-11D3-BF4B-00C04F79EFBC}") = "TCE.Identity", "src\TCE.Identity\TCE.Identity.csproj", "{0EC85942-15BC-444C-A800-F3FAF3E6F259}"
EndProject
Project("{FAE04EC0-301F-11D3-BF4B-00C04F79EFBC}") = "TCE.Api", "src\TCE.Api\TCE.Api.csproj", "{C5D97E05-20FC-42D1-A148-1922E0F9DE0B}"
EndProject
Project("{FAE04EC0-301F-11D3-BF4B-00C04F79EFBC}") = "TCE.Web", "src\TCE.Web\TCE.Web.csproj", "{54F463C5-4440-43A1-9951-A74D5A4A83B8}"
EndProject
Global
	GlobalSection(SolutionConfigurationPlatforms) = preSolution
		Debug|Any CPU = Debug|Any CPU
		Release|Any CPU = Release|Any CPU
	EndGlobalSection
	GlobalSection(ProjectConfigurationPlatforms) = postSolution
		{0EC85942-15BC-444C-A800-F3FAF3E6F259}.Debug|Any CPU.ActiveCfg = Debug|Any CPU
		{0EC85942-15BC-444C-A800-F3FAF3E6F259}.Debug|Any CPU.Build.0 = Debug|Any CPU
		{0EC85942-15BC-444C-A800-F3FAF3E6F259}.Release|Any CPU.ActiveCfg = Release|Any CPU
		{0EC85942-15BC-444C-A800-F3FAF3E6F259}.Release|Any CPU.Build.0 = Release|Any CPU
		{C5D97E05-20FC-42D1-A148-1922E0F9DE0B}.Debug|Any CPU.ActiveCfg = Debug|Any CPU
		{C5D97E05-20FC-42D1-A148-1922E0F9DE0B}.Debug|Any CPU.Build.0 = Debug|Any CPU
		{C5D97E05-20FC-42D1-A148-1922E0F9DE0B}.Release|Any CPU.ActiveCfg = Release|Any CPU
		{C5D97E05-20FC-42D1-A148-1922E0F9DE0B}.Release|Any CPU.Build.0 = Release|Any CPU
		{54F463C5-4440-43A1-9951-A74D5A4A83B8}.Debug|Any CPU.ActiveCfg = Debug|Any CPU
		{54F463C5-4440-43A1-9951-A74D5A4A83B8}.Debug|Any CPU.Build.0 = Debug|Any CPU
		{54F463C5-4440-43A1-9951-A74D5A4A83B8}.Release|Any CPU.ActiveCfg = Release|Any CPU
		{54F463C5-4440-43A1-9951-A74D5A4A83B8}.Release|Any CPU.Build.0 = Release|Any CPU
	EndGlobalSection
	GlobalSection(SolutionProperties) = preSolution
		HideSolutionNode = FALSE
	EndGlobalSection
	GlobalSection(ExtensibilityGlobals) = postSolution
		SolutionGuid = {8CF65B10-CAF3-40EA-AE37-ABA662857616}
	EndGlobalSection
EndGlobal
